
Microsoft Visual Studio Solution File, Format Version 12.00
# Visual Studio Version 16
VisualStudioVersion = 16.0.35931.194
MinimumVisualStudioVersion = 10.0.40219.1
Project("{8BC9CEB8-8B4A-11D0-8D11-00A0C91BC942}") = "stub", "stub\stub.vcxproj", "{5A64FC50-BD7B-4524-8572-07661BBBFE90}"
EndProject
Global
	GlobalSection(SolutionConfigurationPlatforms) = preSolution
		Debug|x64 = Debug|x64
		Debug|x86 = Debug|x86
		Release|x64 = Release|x64
		Release|x86 = Release|x86
	EndGlobalSection
	GlobalSection(ProjectConfigurationPlatforms) = postSolution
		{5A64FC50-BD7B-4524-8572-07661BBBFE90}.Debug|x64.ActiveCfg = Debug|x64
		{5A64FC50-BD7B-4524-8572-07661BBBFE90}.Debug|x64.Build.0 = Debug|x64
		{5A64FC50-BD7B-4524-8572-07661BBBFE90}.Debug|x86.ActiveCfg = Debug|Win32
		{5A64FC50-BD7B-4524-8572-07661BBBFE90}.Debug|x86.Build.0 = Debug|Win32
		{5A64FC50-BD7B-4524-8572-07661BBBFE90}.Release|x64.ActiveCfg = Release|x64
		{5A64FC50-BD7B-4524-8572-07661BBBFE90}.Release|x64.Build.0 = Release|x64
		{5A64FC50-BD7B-4524-8572-07661BBBFE90}.Release|x86.ActiveCfg = Release|Win32
		{5A64FC50-BD7B-4524-8572-07661BBBFE90}.Release|x86.Build.0 = Release|Win32
	EndGlobalSection
	GlobalSection(SolutionProperties) = preSolution
		HideSolutionNode = FALSE
	EndGlobalSection
	GlobalSection(ExtensibilityGlobals) = postSolution
		SolutionGuid = {B3B37538-FA80-4B7A-BD3D-BC13C12D335B}
	EndGlobalSection
EndGlobal
